
Microsoft Visual Studio Solution File, Format Version 12.00
# Visual Studio Version 17
VisualStudioVersion = 17.4.33103.184
MinimumVisualStudioVersion = 10.0.40219.1
Project("{FAE04EC0-301F-11D3-BF4B-00C04F79EFBC}") = "VerificadorIdentidade", "VerificadorIdentidade\VerificadorIdentidade.csproj", "{46BA4529-6379-4645-96A4-86CE1B3F9A90}"
EndProject
Global
	GlobalSection(SolutionConfigurationPlatforms) = preSolution
		Debug|Any CPU = Debug|Any CPU
		Release|Any CPU = Release|Any CPU
	EndGlobalSection
	GlobalSection(ProjectConfigurationPlatforms) = postSolution
		{46BA4529-6379-4645-96A4-86CE1B3F9A90}.Debug|Any CPU.ActiveCfg = Debug|Any CPU
		{46BA4529-6379-4645-96A4-86CE1B3F9A90}.Debug|Any CPU.Build.0 = Debug|Any CPU
		{46BA4529-6379-4645-96A4-86CE1B3F9A90}.Release|Any CPU.ActiveCfg = Release|Any CPU
		{46BA4529-6379-4645-96A4-86CE1B3F9A90}.Release|Any CPU.Build.0 = Release|Any CPU
	EndGlobalSection
	GlobalSection(SolutionProperties) = preSolution
		HideSolutionNode = FALSE
	EndGlobalSection
	GlobalSection(ExtensibilityGlobals) = postSolution
		SolutionGuid = {625C2994-35EE-43D7-88E3-A5DD81590157}
	EndGlobalSection
EndGlobal
